// !$*UTF8*$!
{
	archiveVersion = 1;
	classes = {
	};
	objectVersion = 56;
	objects = {

/* Begin PBXBuildFile section */
		0428B2D82CBEC70900A26C78 /* Model.swift in Sources */ = {isa = PBXBuildFile; fileRef = 0428B2D72CBEC70900A26C78 /* Model.swift */; };
		049CDD8D2CBE9F7E00140C76 /* AppDelegate.swift in Sources */ = {isa = PBXBuildFile; fileRef = 049CDD8C2CBE9F7E00140C76 /* AppDelegate.swift */; };
		049CDD8F2CBE9F7E00140C76 /* SceneDelegate.swift in Sources */ = {isa = PBXBuildFile; fileRef = 049CDD8E2CBE9F7E00140C76 /* SceneDelegate.swift */; };
		049CDD912CBE9F7E00140C76 /* ViewController.swift in Sources */ = {isa = PBXBuildFile; fileRef = 049CDD902CBE9F7E00140C76 /* ViewController.swift */; };
		049CDD962CBE9F7F00140C76 /* Assets.xcassets in Resources */ = {isa = PBXBuildFile; fileRef = 049CDD952CBE9F7F00140C76 /* Assets.xcassets */; };
		049CDD992CBE9F7F00140C76 /* LaunchScreen.storyboard in Resources */ = {isa = PBXBuildFile; fileRef = 049CDD972CBE9F7F00140C76 /* LaunchScreen.storyboard */; };
		049CDDA42CBE9F8000140C76 /* ExpenseTrackerTests.swift in Sources */ = {isa = PBXBuildFile; fileRef = 049CDDA32CBE9F8000140C76 /* ExpenseTrackerTests.swift */; };
		049CDDAE2CBE9F8000140C76 /* ExpenseTrackerUITests.swift in Sources */ = {isa = PBXBuildFile; fileRef = 049CDDAD2CBE9F8000140C76 /* ExpenseTrackerUITests.swift */; };
		049CDDB02CBE9F8000140C76 /* ExpenseTrackerUITestsLaunchTests.swift in Sources */ = {isa = PBXBuildFile; fileRef = 049CDDAF2CBE9F8000140C76 /* ExpenseTrackerUITestsLaunchTests.swift */; };
		049CDDBD2CBEA0BD00140C76 /* ExpensesViewController.swift in Sources */ = {isa = PBXBuildFile; fileRef = 049CDDBC2CBEA0BD00140C76 /* ExpensesViewController.swift */; };
		04ED0CF12CBEA8ED0000248C /* ExpensesTableViewCell.swift in Sources */ = {isa = PBXBuildFile; fileRef = 04ED0CF02CBEA8ED0000248C /* ExpensesTableViewCell.swift */; };
		45B0109EA98C3677E4867C5F /* Pods_ExpenseTracker.framework in Frameworks */ = {isa = PBXBuildFile; fileRef = 557505101C48FCF041E19000 /* Pods_ExpenseTracker.framework */; };
		9C2F748A18672934EB3221B6 /* Pods_ExpenseTrackerTests.framework in Frameworks */ = {isa = PBXBuildFile; fileRef = 3691BA1066EDAD27D80BEC1A /* Pods_ExpenseTrackerTests.framework */; };
		A36650B23414C7D74A05DE65 /* Pods_ExpenseTracker_ExpenseTrackerUITests.framework in Frameworks */ = {isa = PBXBuildFile; fileRef = 811D08189D53C97FBD183F7A /* Pods_ExpenseTracker_ExpenseTrackerUITests.framework */; };
/* End PBXBuildFile section */

/* Begin PBXContainerItemProxy section */
		049CDDA02CBE9F8000140C76 /* PBXContainerItemProxy */ = {
			isa = PBXContainerItemProxy;
			containerPortal = 049CDD812CBE9F7E00140C76 /* Project object */;
			proxyType = 1;
			remoteGlobalIDString = 049CDD882CBE9F7E00140C76;
			remoteInfo = ExpenseTracker;
		};
		049CDDAA2CBE9F8000140C76 /* PBXContainerItemProxy */ = {
			isa = PBXContainerItemProxy;
			containerPortal = 049CDD812CBE9F7E00140C76 /* Project object */;
			proxyType = 1;
			remoteGlobalIDString = 049CDD882CBE9F7E00140C76;
			remoteInfo = ExpenseTracker;
		};
/* End PBXContainerItemProxy section */

/* Begin PBXFileReference section */
		0428B2D72CBEC70900A26C78 /* Model.swift */ = {isa = PBXFileReference; lastKnownFileType = sourcecode.swift; path = Model.swift; sourceTree = "<group>"; };
		049CDD892CBE9F7E00140C76 /* ExpenseTracker.app */ = {isa = PBXFileReference; explicitFileType = wrapper.application; includeInIndex = 0; path = ExpenseTracker.app; sourceTree = BUILT_PRODUCTS_DIR; };
		049CDD8C2CBE9F7E00140C76 /* AppDelegate.swift */ = {isa = PBXFileReference; lastKnownFileType = sourcecode.swift; path = AppDelegate.swift; sourceTree = "<group>"; };
		049CDD8E2CBE9F7E00140C76 /* SceneDelegate.swift */ = {isa = PBXFileReference; lastKnownFileType = sourcecode.swift; path = SceneDelegate.swift; sourceTree = "<group>"; };
		049CDD902CBE9F7E00140C76 /* ViewController.swift */ = {isa = PBXFileReference; lastKnownFileType = sourcecode.swift; path = ViewController.swift; sourceTree = "<group>"; };
		049CDD952CBE9F7F00140C76 /* Assets.xcassets */ = {isa = PBXFileReference; lastKnownFileType = folder.assetcatalog; path = Assets.xcassets; sourceTree = "<group>"; };
		049CDD982CBE9F7F00140C76 /* Base */ = {isa = PBXFileReference; lastKnownFileType = file.storyboard; name = Base; path = Base.lproj/LaunchScreen.storyboard; sourceTree = "<group>"; };
		049CDD9A2CBE9F7F00140C76 /* Info.plist */ = {isa = PBXFileReference; lastKnownFileType = text.plist.xml; path = Info.plist; sourceTree = "<group>"; };
		049CDD9F2CBE9F8000140C76 /* ExpenseTrackerTests.xctest */ = {isa = PBXFileReference; explicitFileType = wrapper.cfbundle; includeInIndex = 0; path = ExpenseTrackerTests.xctest; sourceTree = BUILT_PRODUCTS_DIR; };
		049CDDA32CBE9F8000140C76 /* ExpenseTrackerTests.swift */ = {isa = PBXFileReference; lastKnownFileType = sourcecode.swift; path = ExpenseTrackerTests.swift; sourceTree = "<group>"; };
		049CDDA92CBE9F8000140C76 /* ExpenseTrackerUITests.xctest */ = {isa = PBXFileReference; explicitFileType = wrapper.cfbundle; includeInIndex = 0; path = ExpenseTrackerUITests.xctest; sourceTree = BUILT_PRODUCTS_DIR; };
		049CDDAD2CBE9F8000140C76 /* ExpenseTrackerUITests.swift */ = {isa = PBXFileReference; lastKnownFileType = sourcecode.swift; path = ExpenseTrackerUITests.swift; sourceTree = "<group>"; };
		049CDDAF2CBE9F8000140C76 /* ExpenseTrackerUITestsLaunchTests.swift */ = {isa = PBXFileReference; lastKnownFileType = sourcecode.swift; path = ExpenseTrackerUITestsLaunchTests.swift; sourceTree = "<group>"; };
		049CDDBC2CBEA0BD00140C76 /* ExpensesViewController.swift */ = {isa = PBXFileReference; lastKnownFileType = sourcecode.swift; path = ExpensesViewController.swift; sourceTree = "<group>"; };
		04ED0CF02CBEA8ED0000248C /* ExpensesTableViewCell.swift */ = {isa = PBXFileReference; lastKnownFileType = sourcecode.swift; path = ExpensesTableViewCell.swift; sourceTree = "<group>"; };
		1C3F8B23576AAE2BBA284C72 /* Pods-ExpenseTracker.debug.xcconfig */ = {isa = PBXFileReference; includeInIndex = 1; lastKnownFileType = text.xcconfig; name = "Pods-ExpenseTracker.debug.xcconfig"; path = "Target Support Files/Pods-ExpenseTracker/Pods-ExpenseTracker.debug.xcconfig"; sourceTree = "<group>"; };
		3691BA1066EDAD27D80BEC1A /* Pods_ExpenseTrackerTests.framework */ = {isa = PBXFileReference; explicitFileType = wrapper.framework; includeInIndex = 0; path = Pods_ExpenseTrackerTests.framework; sourceTree = BUILT_PRODUCTS_DIR; };
		4ABC62D0F650E05BB5C8AFA6 /* Pods-ExpenseTracker.release.xcconfig */ = {isa = PBXFileReference; includeInIndex = 1; lastKnownFileType = text.xcconfig; name = "Pods-ExpenseTracker.release.xcconfig"; path = "Target Support Files/Pods-ExpenseTracker/Pods-ExpenseTracker.release.xcconfig"; sourceTree = "<group>"; };
		557505101C48FCF041E19000 /* Pods_ExpenseTracker.framework */ = {isa = PBXFileReference; explicitFileType = wrapper.framework; includeInIndex = 0; path = Pods_ExpenseTracker.framework; sourceTree = BUILT_PRODUCTS_DIR; };
		663D6085070B22DBCE7758F1 /* Pods-ExpenseTrackerTests.debug.xcconfig */ = {isa = PBXFileReference; includeInIndex = 1; lastKnownFileType = text.xcconfig; name = "Pods-ExpenseTrackerTests.debug.xcconfig"; path = "Target Support Files/Pods-ExpenseTrackerTests/Pods-ExpenseTrackerTests.debug.xcconfig"; sourceTree = "<group>"; };
		811D08189D53C97FBD183F7A /* Pods_ExpenseTracker_ExpenseTrackerUITests.framework */ = {isa = PBXFileReference; explicitFileType = wrapper.framework; includeInIndex = 0; path = Pods_ExpenseTracker_ExpenseTrackerUITests.framework; sourceTree = BUILT_PRODUCTS_DIR; };
		89137327B5A342138F852A85 /* Pods-ExpenseTrackerTests.release.xcconfig */ = {isa = PBXFileReference; includeInIndex = 1; lastKnownFileType = text.xcconfig; name = "Pods-ExpenseTrackerTests.release.xcconfig"; path = "Target Support Files/Pods-ExpenseTrackerTests/Pods-ExpenseTrackerTests.release.xcconfig"; sourceTree = "<group>"; };
		CFBC5ADF7BA4EB7C899D55BB /* Pods-ExpenseTracker-ExpenseTrackerUITests.debug.xcconfig */ = {isa = PBXFileReference; includeInIndex = 1; lastKnownFileType = text.xcconfig; name = "Pods-ExpenseTracker-ExpenseTrackerUITests.debug.xcconfig"; path = "Target Support Files/Pods-ExpenseTracker-ExpenseTrackerUITests/Pods-ExpenseTracker-ExpenseTrackerUITests.debug.xcconfig"; sourceTree = "<group>"; };
		DAE6E37CA766A8F681845A65 /* Pods-ExpenseTracker-ExpenseTrackerUITests.release.xcconfig */ = {isa = PBXFileReference; includeInIndex = 1; lastKnownFileType = text.xcconfig; name = "Pods-ExpenseTracker-ExpenseTrackerUITests.release.xcconfig"; path = "Target Support Files/Pods-ExpenseTracker-ExpenseTrackerUITests/Pods-ExpenseTracker-ExpenseTrackerUITests.release.xcconfig"; sourceTree = "<group>"; };
/* End PBXFileReference section */

/* Begin PBXFrameworksBuildPhase section */
		049CDD862CBE9F7E00140C76 /* Frameworks */ = {
			isa = PBXFrameworksBuildPhase;
			buildActionMask = 2147483647;
			files = (
				45B0109EA98C3677E4867C5F /* Pods_ExpenseTracker.framework in Frameworks */,
			);
			runOnlyForDeploymentPostprocessing = 0;
		};
		049CDD9C2CBE9F8000140C76 /* Frameworks */ = {
			isa = PBXFrameworksBuildPhase;
			buildActionMask = 2147483647;
			files = (
				9C2F748A18672934EB3221B6 /* Pods_ExpenseTrackerTests.framework in Frameworks */,
			);
			runOnlyForDeploymentPostprocessing = 0;
		};
		049CDDA62CBE9F8000140C76 /* Frameworks */ = {
			isa = PBXFrameworksBuildPhase;
			buildActionMask = 2147483647;
			files = (
				A36650B23414C7D74A05DE65 /* Pods_ExpenseTracker_ExpenseTrackerUITests.framework in Frameworks */,
			);
			runOnlyForDeploymentPostprocessing = 0;
		};
/* End PBXFrameworksBuildPhase section */

/* Begin PBXGroup section */
		049CDD802CBE9F7E00140C76 = {
			isa = PBXGroup;
			children = (
				049CDD8B2CBE9F7E00140C76 /* ExpenseTracker */,
				049CDDA22CBE9F8000140C76 /* ExpenseTrackerTests */,
				049CDDAC2CBE9F8000140C76 /* ExpenseTrackerUITests */,
				049CDD8A2CBE9F7E00140C76 /* Products */,
				4D39A06DEF41F609C174175D /* Pods */,
				1CA0CE25BEF3788D2D845B19 /* Frameworks */,
			);
			sourceTree = "<group>";
		};
		049CDD8A2CBE9F7E00140C76 /* Products */ = {
			isa = PBXGroup;
			children = (
				049CDD892CBE9F7E00140C76 /* ExpenseTracker.app */,
				049CDD9F2CBE9F8000140C76 /* ExpenseTrackerTests.xctest */,
				049CDDA92CBE9F8000140C76 /* ExpenseTrackerUITests.xctest */,
			);
			name = Products;
			sourceTree = "<group>";
		};
		049CDD8B2CBE9F7E00140C76 /* ExpenseTracker */ = {
			isa = PBXGroup;
			children = (
				049CDD8C2CBE9F7E00140C76 /* AppDelegate.swift */,
				049CDD8E2CBE9F7E00140C76 /* SceneDelegate.swift */,
				049CDD902CBE9F7E00140C76 /* ViewController.swift */,
				049CDDBC2CBEA0BD00140C76 /* ExpensesViewController.swift */,
				04ED0CF02CBEA8ED0000248C /* ExpensesTableViewCell.swift */,
				0428B2D72CBEC70900A26C78 /* Model.swift */,
				049CDD952CBE9F7F00140C76 /* Assets.xcassets */,
				049CDD972CBE9F7F00140C76 /* LaunchScreen.storyboard */,
				049CDD9A2CBE9F7F00140C76 /* Info.plist */,
			);
			path = ExpenseTracker;
			sourceTree = "<group>";
		};
		049CDDA22CBE9F8000140C76 /* ExpenseTrackerTests */ = {
			isa = PBXGroup;
			children = (
				049CDDA32CBE9F8000140C76 /* ExpenseTrackerTests.swift */,
			);
			path = ExpenseTrackerTests;
			sourceTree = "<group>";
		};
		049CDDAC2CBE9F8000140C76 /* ExpenseTrackerUITests */ = {
			isa = PBXGroup;
			children = (
				049CDDAD2CBE9F8000140C76 /* ExpenseTrackerUITests.swift */,
				049CDDAF2CBE9F8000140C76 /* ExpenseTrackerUITestsLaunchTests.swift */,
			);
			path = ExpenseTrackerUITests;
			sourceTree = "<group>";
		};
		1CA0CE25BEF3788D2D845B19 /* Frameworks */ = {
			isa = PBXGroup;
			children = (
				557505101C48FCF041E19000 /* Pods_ExpenseTracker.framework */,
				811D08189D53C97FBD183F7A /* Pods_ExpenseTracker_ExpenseTrackerUITests.framework */,
				3691BA1066EDAD27D80BEC1A /* Pods_ExpenseTrackerTests.framework */,
			);
			name = Frameworks;
			sourceTree = "<group>";
		};
		4D39A06DEF41F609C174175D /* Pods */ = {
			isa = PBXGroup;
			children = (
				1C3F8B23576AAE2BBA284C72 /* Pods-ExpenseTracker.debug.xcconfig */,
				4ABC62D0F650E05BB5C8AFA6 /* Pods-ExpenseTracker.release.xcconfig */,
				CFBC5ADF7BA4EB7C899D55BB /* Pods-ExpenseTracker-ExpenseTrackerUITests.debug.xcconfig */,
				DAE6E37CA766A8F681845A65 /* Pods-ExpenseTracker-ExpenseTrackerUITests.release.xcconfig */,
				663D6085070B22DBCE7758F1 /* Pods-ExpenseTrackerTests.debug.xcconfig */,
				89137327B5A342138F852A85 /* Pods-ExpenseTrackerTests.release.xcconfig */,
			);
			path = Pods;
			sourceTree = "<group>";
		};
/* End PBXGroup section */

/* Begin PBXNativeTarget section */
		049CDD882CBE9F7E00140C76 /* ExpenseTracker */ = {
			isa = PBXNativeTarget;
			buildConfigurationList = 049CDDB32CBE9F8000140C76 /* Build configuration list for PBXNativeTarget "ExpenseTracker" */;
			buildPhases = (
				14C320AE8090EE243D5432DB /* [CP] Check Pods Manifest.lock */,
				049CDD852CBE9F7E00140C76 /* Sources */,
				049CDD862CBE9F7E00140C76 /* Frameworks */,
				049CDD872CBE9F7E00140C76 /* Resources */,
				E3C83678E5D57DDF7558957B /* [CP] Embed Pods Frameworks */,
			);
			buildRules = (
			);
			dependencies = (
			);
			name = ExpenseTracker;
			productName = ExpenseTracker;
			productReference = 049CDD892CBE9F7E00140C76 /* ExpenseTracker.app */;
			productType = "com.apple.product-type.application";
		};
		049CDD9E2CBE9F8000140C76 /* ExpenseTrackerTests */ = {
			isa = PBXNativeTarget;
			buildConfigurationList = 049CDDB62CBE9F8000140C76 /* Build configuration list for PBXNativeTarget "ExpenseTrackerTests" */;
			buildPhases = (
				D02141D803B8A732D0B71C25 /* [CP] Check Pods Manifest.lock */,
				049CDD9B2CBE9F8000140C76 /* Sources */,
				049CDD9C2CBE9F8000140C76 /* Frameworks */,
				049CDD9D2CBE9F8000140C76 /* Resources */,
			);
			buildRules = (
			);
			dependencies = (
				049CDDA12CBE9F8000140C76 /* PBXTargetDependency */,
			);
			name = ExpenseTrackerTests;
			productName = ExpenseTrackerTests;
			productReference = 049CDD9F2CBE9F8000140C76 /* ExpenseTrackerTests.xctest */;
			productType = "com.apple.product-type.bundle.unit-test";
		};
		049CDDA82CBE9F8000140C76 /* ExpenseTrackerUITests */ = {
			isa = PBXNativeTarget;
			buildConfigurationList = 049CDDB92CBE9F8000140C76 /* Build configuration list for PBXNativeTarget "ExpenseTrackerUITests" */;
			buildPhases = (
				23CEFCA135AB515A5DCC273A /* [CP] Check Pods Manifest.lock */,
				049CDDA52CBE9F8000140C76 /* Sources */,
				049CDDA62CBE9F8000140C76 /* Frameworks */,
				049CDDA72CBE9F8000140C76 /* Resources */,
				BD49583D987FA53AB8B70DB1 /* [CP] Embed Pods Frameworks */,
			);
			buildRules = (
			);
			dependencies = (
				049CDDAB2CBE9F8000140C76 /* PBXTargetDependency */,
			);
			name = ExpenseTrackerUITests;
			productName = ExpenseTrackerUITests;
			productReference = 049CDDA92CBE9F8000140C76 /* ExpenseTrackerUITests.xctest */;
			productType = "com.apple.product-type.bundle.ui-testing";
		};
/* End PBXNativeTarget section */

/* Begin PBXProject section */
		049CDD812CBE9F7E00140C76 /* Project object */ = {
			isa = PBXProject;
			attributes = {
				BuildIndependentTargetsInParallel = 1;
				LastSwiftUpdateCheck = 1420;
				LastUpgradeCheck = 1420;
				TargetAttributes = {
					049CDD882CBE9F7E00140C76 = {
						CreatedOnToolsVersion = 14.2;
					};
					049CDD9E2CBE9F8000140C76 = {
						CreatedOnToolsVersion = 14.2;
						TestTargetID = 049CDD882CBE9F7E00140C76;
					};
					049CDDA82CBE9F8000140C76 = {
						CreatedOnToolsVersion = 14.2;
						TestTargetID = 049CDD882CBE9F7E00140C76;
					};
				};
			};
			buildConfigurationList = 049CDD842CBE9F7E00140C76 /* Build configuration list for PBXProject "ExpenseTracker" */;
			compatibilityVersion = "Xcode 14.0";
			developmentRegion = en;
			hasScannedForEncodings = 0;
			knownRegions = (
				en,
				Base,
			);
			mainGroup = 049CDD802CBE9F7E00140C76;
			productRefGroup = 049CDD8A2CBE9F7E00140C76 /* Products */;
			projectDirPath = "";
			projectRoot = "";
			targets = (
				049CDD882CBE9F7E00140C76 /* ExpenseTracker */,
				049CDD9E2CBE9F8000140C76 /* ExpenseTrackerTests */,
				049CDDA82CBE9F8000140C76 /* ExpenseTrackerUITests */,
			);
		};
/* End PBXProject section */

/* Begin PBXResourcesBuildPhase section */
		049CDD872CBE9F7E00140C76 /* Resources */ = {
			isa = PBXResourcesBuildPhase;
			buildActionMask = 2147483647;
			files = (
				049CDD992CBE9F7F00140C76 /* LaunchScreen.storyboard in Resources */,
				049CDD962CBE9F7F00140C76 /* Assets.xcassets in Resources */,
			);
			runOnlyForDeploymentPostprocessing = 0;
		};
		049CDD9D2CBE9F8000140C76 /* Resources */ = {
			isa = PBXResourcesBuildPhase;
			buildActionMask = 2147483647;
			files = (
			);
			runOnlyForDeploymentPostprocessing = 0;
		};
		049CDDA72CBE9F8000140C76 /* Resources */ = {
			isa = PBXResourcesBuildPhase;
			buildActionMask = 2147483647;
			files = (
			);
			runOnlyForDeploymentPostprocessing = 0;
		};
/* End PBXResourcesBuildPhase section */

/* Begin PBXShellScriptBuildPhase section */
		14C320AE8090EE243D5432DB /* [CP] Check Pods Manifest.lock */ = {
			isa = PBXShellScriptBuildPhase;
			buildActionMask = 2147483647;
			files = (
			);
			inputFileListPaths = (
			);
			inputPaths = (
				"${PODS_PODFILE_DIR_PATH}/Podfile.lock",
				"${PODS_ROOT}/Manifest.lock",
			);
			name = "[CP] Check Pods Manifest.lock";
			outputFileListPaths = (
			);
			outputPaths = (
				"$(DERIVED_FILE_DIR)/Pods-ExpenseTracker-checkManifestLockResult.txt",
			);
			runOnlyForDeploymentPostprocessing = 0;
			shellPath = /bin/sh;
			shellScript = "diff \"${PODS_PODFILE_DIR_PATH}/Podfile.lock\" \"${PODS_ROOT}/Manifest.lock\" > /dev/null\nif [ $? != 0 ] ; then\n    # print error to STDERR\n    echo \"error: The sandbox is not in sync with the Podfile.lock. Run 'pod install' or update your CocoaPods installation.\" >&2\n    exit 1\nfi\n# This output is used by Xcode 'outputs' to avoid re-running this script phase.\necho \"SUCCESS\" > \"${SCRIPT_OUTPUT_FILE_0}\"\n";
			showEnvVarsInLog = 0;
		};
		23CEFCA135AB515A5DCC273A /* [CP] Check Pods Manifest.lock */ = {
			isa = PBXShellScriptBuildPhase;
			buildActionMask = 2147483647;
			files = (
			);
			inputFileListPaths = (
			);
			inputPaths = (
				"${PODS_PODFILE_DIR_PATH}/Podfile.lock",
				"${PODS_ROOT}/Manifest.lock",
			);
			name = "[CP] Check Pods Manifest.lock";
			outputFileListPaths = (
			);
			outputPaths = (
				"$(DERIVED_FILE_DIR)/Pods-ExpenseTracker-ExpenseTrackerUITests-checkManifestLockResult.txt",
			);
			runOnlyForDeploymentPostprocessing = 0;
			shellPath = /bin/sh;
			shellScript = "diff \"${PODS_PODFILE_DIR_PATH}/Podfile.lock\" \"${PODS_ROOT}/Manifest.lock\" > /dev/null\nif [ $? != 0 ] ; then\n    # print error to STDERR\n    echo \"error: The sandbox is not in sync with the Podfile.lock. Run 'pod install' or update your CocoaPods installation.\" >&2\n    exit 1\nfi\n# This output is used by Xcode 'outputs' to avoid re-running this script phase.\necho \"SUCCESS\" > \"${SCRIPT_OUTPUT_FILE_0}\"\n";
			showEnvVarsInLog = 0;
		};
		BD49583D987FA53AB8B70DB1 /* [CP] Embed Pods Frameworks */ = {
			isa = PBXShellScriptBuildPhase;
			buildActionMask = 2147483647;
			files = (
			);
			inputFileListPaths = (
				"${PODS_ROOT}/Target Support Files/Pods-ExpenseTracker-ExpenseTrackerUITests/Pods-ExpenseTracker-ExpenseTrackerUITests-frameworks-${CONFIGURATION}-input-files.xcfilelist",
			);
			name = "[CP] Embed Pods Frameworks";
			outputFileListPaths = (
				"${PODS_ROOT}/Target Support Files/Pods-ExpenseTracker-ExpenseTrackerUITests/Pods-ExpenseTracker-ExpenseTrackerUITests-frameworks-${CONFIGURATION}-output-files.xcfilelist",
			);
			runOnlyForDeploymentPostprocessing = 0;
			shellPath = /bin/sh;
			shellScript = "\"${PODS_ROOT}/Target Support Files/Pods-ExpenseTracker-ExpenseTrackerUITests/Pods-ExpenseTracker-ExpenseTrackerUITests-frameworks.sh\"\n";
			showEnvVarsInLog = 0;
		};
		D02141D803B8A732D0B71C25 /* [CP] Check Pods Manifest.lock */ = {
			isa = PBXShellScriptBuildPhase;
			buildActionMask = 2147483647;
			files = (
			);
			inputFileListPaths = (
			);
			inputPaths = (
				"${PODS_PODFILE_DIR_PATH}/Podfile.lock",
				"${PODS_ROOT}/Manifest.lock",
			);
			name = "[CP] Check Pods Manifest.lock";
			outputFileListPaths = (
			);
			outputPaths = (
				"$(DERIVED_FILE_DIR)/Pods-ExpenseTrackerTests-checkManifestLockResult.txt",
			);
			runOnlyForDeploymentPostprocessing = 0;
			shellPath = /bin/sh;
			shellScript = "diff \"${PODS_PODFILE_DIR_PATH}/Podfile.lock\" \"${PODS_ROOT}/Manifest.lock\" > /dev/null\nif [ $? != 0 ] ; then\n    # print error to STDERR\n    echo \"error: The sandbox is not in sync with the Podfile.lock. Run 'pod install' or update your CocoaPods installation.\" >&2\n    exit 1\nfi\n# This output is used by Xcode 'outputs' to avoid re-running this script phase.\necho \"SUCCESS\" > \"${SCRIPT_OUTPUT_FILE_0}\"\n";
			showEnvVarsInLog = 0;
		};
		E3C83678E5D57DDF7558957B /* [CP] Embed Pods Frameworks */ = {
			isa = PBXShellScriptBuildPhase;
			buildActionMask = 2147483647;
			files = (
			);
			inputFileListPaths = (
				"${PODS_ROOT}/Target Support Files/Pods-ExpenseTracker/Pods-ExpenseTracker-frameworks-${CONFIGURATION}-input-files.xcfilelist",
			);
			name = "[CP] Embed Pods Frameworks";
			outputFileListPaths = (
				"${PODS_ROOT}/Target Support Files/Pods-ExpenseTracker/Pods-ExpenseTracker-frameworks-${CONFIGURATION}-output-files.xcfilelist",
			);
			runOnlyForDeploymentPostprocessing = 0;
			shellPath = /bin/sh;
			shellScript = "\"${PODS_ROOT}/Target Support Files/Pods-ExpenseTracker/Pods-ExpenseTracker-frameworks.sh\"\n";
			showEnvVarsInLog = 0;
		};
/* End PBXShellScriptBuildPhase section */

/* Begin PBXSourcesBuildPhase section */
		049CDD852CBE9F7E00140C76 /* Sources */ = {
			isa = PBXSourcesBuildPhase;
			buildActionMask = 2147483647;
			files = (
				04ED0CF12CBEA8ED0000248C /* ExpensesTableViewCell.swift in Sources */,
				049CDD912CBE9F7E00140C76 /* ViewController.swift in Sources */,
				049CDDBD2CBEA0BD00140C76 /* ExpensesViewController.swift in Sources */,
				0428B2D82CBEC70900A26C78 /* Model.swift in Sources */,
				049CDD8D2CBE9F7E00140C76 /* AppDelegate.swift in Sources */,
				049CDD8F2CBE9F7E00140C76 /* SceneDelegate.swift in Sources */,
			);
			runOnlyForDeploymentPostprocessing = 0;
		};
		049CDD9B2CBE9F8000140C76 /* Sources */ = {
			isa = PBXSourcesBuildPhase;
			buildActionMask = 2147483647;
			files = (
				049CDDA42CBE9F8000140C76 /* ExpenseTrackerTests.swift in Sources */,
			);
			runOnlyForDeploymentPostprocessing = 0;
		};
		049CDDA52CBE9F8000140C76 /* Sources */ = {
			isa = PBXSourcesBuildPhase;
			buildActionMask = 2147483647;
			files = (
				049CDDB02CBE9F8000140C76 /* ExpenseTrackerUITestsLaunchTests.swift in Sources */,
				049CDDAE2CBE9F8000140C76 /* ExpenseTrackerUITests.swift in Sources */,
			);
			runOnlyForDeploymentPostprocessing = 0;
		};
/* End PBXSourcesBuildPhase section */

/* Begin PBXTargetDependency section */
		049CDDA12CBE9F8000140C76 /* PBXTargetDependency */ = {
			isa = PBXTargetDependency;
			target = 049CDD882CBE9F7E00140C76 /* ExpenseTracker */;
			targetProxy = 049CDDA02CBE9F8000140C76 /* PBXContainerItemProxy */;
		};
		049CDDAB2CBE9F8000140C76 /* PBXTargetDependency */ = {
			isa = PBXTargetDependency;
			target = 049CDD882CBE9F7E00140C76 /* ExpenseTracker */;
			targetProxy = 049CDDAA2CBE9F8000140C76 /* PBXContainerItemProxy */;
		};
/* End PBXTargetDependency section */

/* Begin PBXVariantGroup section */
		049CDD972CBE9F7F00140C76 /* LaunchScreen.storyboard */ = {
			isa = PBXVariantGroup;
			children = (
				049CDD982CBE9F7F00140C76 /* Base */,
			);
			name = LaunchScreen.storyboard;
			sourceTree = "<group>";
		};
/* End PBXVariantGroup section */

/* Begin XCBuildConfiguration section */
		049CDDB12CBE9F8000140C76 /* Debug */ = {
			isa = XCBuildConfiguration;
			buildSettings = {
				ALWAYS_SEARCH_USER_PATHS = NO;
				CLANG_ANALYZER_NONNULL = YES;
				CLANG_ANALYZER_NUMBER_OBJECT_CONVERSION = YES_AGGRESSIVE;
				CLANG_CXX_LANGUAGE_STANDARD = "gnu++20";
				CLANG_ENABLE_MODULES = YES;
				CLANG_ENABLE_OBJC_ARC = YES;
				CLANG_ENABLE_OBJC_WEAK = YES;
				CLANG_WARN_BLOCK_CAPTURE_AUTORELEASING = YES;
				CLANG_WARN_BOOL_CONVERSION = YES;
				CLANG_WARN_COMMA = YES;
				CLANG_WARN_CONSTANT_CONVERSION = YES;
				CLANG_WARN_DEPRECATED_OBJC_IMPLEMENTATIONS = YES;
				CLANG_WARN_DIRECT_OBJC_ISA_USAGE = YES_ERROR;
				CLANG_WARN_DOCUMENTATION_COMMENTS = YES;
				CLANG_WARN_EMPTY_BODY = YES;
				CLANG_WARN_ENUM_CONVERSION = YES;
				CLANG_WARN_INFINITE_RECURSION = YES;
				CLANG_WARN_INT_CONVERSION = YES;
				CLANG_WARN_NON_LITERAL_NULL_CONVERSION = YES;
				CLANG_WARN_OBJC_IMPLICIT_RETAIN_SELF = YES;
				CLANG_WARN_OBJC_LITERAL_CONVERSION = YES;
				CLANG_WARN_OBJC_ROOT_CLASS = YES_ERROR;
				CLANG_WARN_QUOTED_INCLUDE_IN_FRAMEWORK_HEADER = YES;
				CLANG_WARN_RANGE_LOOP_ANALYSIS = YES;
				CLANG_WARN_STRICT_PROTOTYPES = YES;
				CLANG_WARN_SUSPICIOUS_MOVE = YES;
				CLANG_WARN_UNGUARDED_AVAILABILITY = YES_AGGRESSIVE;
				CLANG_WARN_UNREACHABLE_CODE = YES;
				CLANG_WARN__DUPLICATE_METHOD_MATCH = YES;
				COPY_PHASE_STRIP = NO;
				DEBUG_INFORMATION_FORMAT = dwarf;
				ENABLE_STRICT_OBJC_MSGSEND = YES;
				ENABLE_TESTABILITY = YES;
				GCC_C_LANGUAGE_STANDARD = gnu11;
				GCC_DYNAMIC_NO_PIC = NO;
				GCC_NO_COMMON_BLOCKS = YES;
				GCC_OPTIMIZATION_LEVEL = 0;
				GCC_PREPROCESSOR_DEFINITIONS = (
					"DEBUG=1",
					"$(inherited)",
				);
				GCC_WARN_64_TO_32_BIT_CONVERSION = YES;
				GCC_WARN_ABOUT_RETURN_TYPE = YES_ERROR;
				GCC_WARN_UNDECLARED_SELECTOR = YES;
				GCC_WARN_UNINITIALIZED_AUTOS = YES_AGGRESSIVE;
				GCC_WARN_UNUSED_FUNCTION = YES;
				GCC_WARN_UNUSED_VARIABLE = YES;
				IPHONEOS_DEPLOYMENT_TARGET = 16.2;
				MTL_ENABLE_DEBUG_INFO = INCLUDE_SOURCE;
				MTL_FAST_MATH = YES;
				ONLY_ACTIVE_ARCH = YES;
				SDKROOT = iphoneos;
				SWIFT_ACTIVE_COMPILATION_CONDITIONS = DEBUG;
				SWIFT_OPTIMIZATION_LEVEL = "-Onone";
			};
			name = Debug;
		};
		049CDDB22CBE9F8000140C76 /* Release */ = {
			isa = XCBuildConfiguration;
			buildSettings = {
				ALWAYS_SEARCH_USER_PATHS = NO;
				CLANG_ANALYZER_NONNULL = YES;
				CLANG_ANALYZER_NUMBER_OBJECT_CONVERSION = YES_AGGRESSIVE;
				CLANG_CXX_LANGUAGE_STANDARD = "gnu++20";
				CLANG_ENABLE_MODULES = YES;
				CLANG_ENABLE_OBJC_ARC = YES;
				CLANG_ENABLE_OBJC_WEAK = YES;
				CLANG_WARN_BLOCK_CAPTURE_AUTORELEASING = YES;
				CLANG_WARN_BOOL_CONVERSION = YES;
				CLANG_WARN_COMMA = YES;
				CLANG_WARN_CONSTANT_CONVERSION = YES;
				CLANG_WARN_DEPRECATED_OBJC_IMPLEMENTATIONS = YES;
				CLANG_WARN_DIRECT_OBJC_ISA_USAGE = YES_ERROR;
				CLANG_WARN_DOCUMENTATION_COMMENTS = YES;
				CLANG_WARN_EMPTY_BODY = YES;
				CLANG_WARN_ENUM_CONVERSION = YES;
				CLANG_WARN_INFINITE_RECURSION = YES;
				CLANG_WARN_INT_CONVERSION = YES;
				CLANG_WARN_NON_LITERAL_NULL_CONVERSION = YES;
				CLANG_WARN_OBJC_IMPLICIT_RETAIN_SELF = YES;
				CLANG_WARN_OBJC_LITERAL_CONVERSION = YES;
				CLANG_WARN_OBJC_ROOT_CLASS = YES_ERROR;
				CLANG_WARN_QUOTED_INCLUDE_IN_FRAMEWORK_HEADER = YES;
				CLANG_WARN_RANGE_LOOP_ANALYSIS = YES;
				CLANG_WARN_STRICT_PROTOTYPES = YES;
				CLANG_WARN_SUSPICIOUS_MOVE = YES;
				CLANG_WARN_UNGUARDED_AVAILABILITY = YES_AGGRESSIVE;
				CLANG_WARN_UNREACHABLE_CODE = YES;
				CLANG_WARN__DUPLICATE_METHOD_MATCH = YES;
				COPY_PHASE_STRIP = NO;
				DEBUG_INFORMATION_FORMAT = "dwarf-with-dsym";
				ENABLE_NS_ASSERTIONS = NO;
				ENABLE_STRICT_OBJC_MSGSEND = YES;
				GCC_C_LANGUAGE_STANDARD = gnu11;
				GCC_NO_COMMON_BLOCKS = YES;
				GCC_WARN_64_TO_32_BIT_CONVERSION = YES;
				GCC_WARN_ABOUT_RETURN_TYPE = YES_ERROR;
				GCC_WARN_UNDECLARED_SELECTOR = YES;
				GCC_WARN_UNINITIALIZED_AUTOS = YES_AGGRESSIVE;
				GCC_WARN_UNUSED_FUNCTION = YES;
				GCC_WARN_UNUSED_VARIABLE = YES;
				IPHONEOS_DEPLOYMENT_TARGET = 16.2;
				MTL_ENABLE_DEBUG_INFO = NO;
				MTL_FAST_MATH = YES;
				SDKROOT = iphoneos;
				SWIFT_COMPILATION_MODE = wholemodule;
				SWIFT_OPTIMIZATION_LEVEL = "-O";
				VALIDATE_PRODUCT = YES;
			};
			name = Release;
		};
		049CDDB42CBE9F8000140C76 /* Debug */ = {
			isa = XCBuildConfiguration;
			baseConfigurationReference = 1C3F8B23576AAE2BBA284C72 /* Pods-ExpenseTracker.debug.xcconfig */;
			buildSettings = {
				ASSETCATALOG_COMPILER_APPICON_NAME = AppIcon;
				ASSETCATALOG_COMPILER_GLOBAL_ACCENT_COLOR_NAME = AccentColor;
				CODE_SIGN_STYLE = Automatic;
				CURRENT_PROJECT_VERSION = 1;
				DEVELOPMENT_TEAM = SFJ8H3MDYC;
				GENERATE_INFOPLIST_FILE = YES;
				INFOPLIST_FILE = ExpenseTracker/Info.plist;
				INFOPLIST_KEY_UIApplicationSupportsIndirectInputEvents = YES;
				INFOPLIST_KEY_UILaunchStoryboardName = LaunchScreen.storyboard;
				INFOPLIST_KEY_UISupportedInterfaceOrientations_iPad = "UIInterfaceOrientationPortrait UIInterfaceOrientationPortraitUpsideDown UIInterfaceOrientationLandscapeLeft UIInterfaceOrientationLandscapeRight";
				INFOPLIST_KEY_UISupportedInterfaceOrientations_iPhone = "UIInterfaceOrientationPortrait UIInterfaceOrientationLandscapeLeft UIInterfaceOrientationLandscapeRight";
				LD_RUNPATH_SEARCH_PATHS = (
					"$(inherited)",
					"@executable_path/Frameworks",
				);
				MARKETING_VERSION = 1.0;
				PRODUCT_BUNDLE_IDENTIFIER = com.chidiogo.ExpenseTracker;
				PRODUCT_NAME = "$(TARGET_NAME)";
				SWIFT_EMIT_LOC_STRINGS = YES;
				SWIFT_VERSION = 5.0;
				TARGETED_DEVICE_FAMILY = "1,2";
			};
			name = Debug;
		};
		049CDDB52CBE9F8000140C76 /* Release */ = {
			isa = XCBuildConfiguration;
			baseConfigurationReference = 4ABC62D0F650E05BB5C8AFA6 /* Pods-ExpenseTracker.release.xcconfig */;
			buildSettings = {
				ASSETCATALOG_COMPILER_APPICON_NAME = AppIcon;
				ASSETCATALOG_COMPILER_GLOBAL_ACCENT_COLOR_NAME = AccentColor;
				CODE_SIGN_STYLE = Automatic;
				CURRENT_PROJECT_VERSION = 1;
				DEVELOPMENT_TEAM = SFJ8H3MDYC;
				GENERATE_INFOPLIST_FILE = YES;
				INFOPLIST_FILE = ExpenseTracker/Info.plist;
				INFOPLIST_KEY_UIApplicationSupportsIndirectInputEvents = YES;
				INFOPLIST_KEY_UILaunchStoryboardName = LaunchScreen.storyboard;
				INFOPLIST_KEY_UISupportedInterfaceOrientations_iPad = "UIInterfaceOrientationPortrait UIInterfaceOrientationPortraitUpsideDown UIInterfaceOrientationLandscapeLeft UIInterfaceOrientationLandscapeRight";
				INFOPLIST_KEY_UISupportedInterfaceOrientations_iPhone = "UIInterfaceOrientationPortrait UIInterfaceOrientationLandscapeLeft UIInterfaceOrientationLandscapeRight";
				LD_RUNPATH_SEARCH_PATHS = (
					"$(inherited)",
					"@executable_path/Frameworks",
				);
				MARKETING_VERSION = 1.0;
				PRODUCT_BUNDLE_IDENTIFIER = com.chidiogo.ExpenseTracker;
				PRODUCT_NAME = "$(TARGET_NAME)";
				SWIFT_EMIT_LOC_STRINGS = YES;
				SWIFT_VERSION = 5.0;
				TARGETED_DEVICE_FAMILY = "1,2";
			};
			name = Release;
		};
		049CDDB72CBE9F8000140C76 /* Debug */ = {
			isa = XCBuildConfiguration;
			baseConfigurationReference = 663D6085070B22DBCE7758F1 /* Pods-ExpenseTrackerTests.debug.xcconfig */;
			buildSettings = {
				ALWAYS_EMBED_SWIFT_STANDARD_LIBRARIES = YES;
				BUNDLE_LOADER = "$(TEST_HOST)";
				CODE_SIGN_STYLE = Automatic;
				CURRENT_PROJECT_VERSION = 1;
				DEVELOPMENT_TEAM = SFJ8H3MDYC;
				GENERATE_INFOPLIST_FILE = YES;
				IPHONEOS_DEPLOYMENT_TARGET = 16.2;
				MARKETING_VERSION = 1.0;
				PRODUCT_BUNDLE_IDENTIFIER = com.chidiogo.ExpenseTrackerTests;
				PRODUCT_NAME = "$(TARGET_NAME)";
				SWIFT_EMIT_LOC_STRINGS = NO;
				SWIFT_VERSION = 5.0;
				TARGETED_DEVICE_FAMILY = "1,2";
				TEST_HOST = "$(BUILT_PRODUCTS_DIR)/ExpenseTracker.app/$(BUNDLE_EXECUTABLE_FOLDER_PATH)/ExpenseTracker";
			};
			name = Debug;
		};
		049CDDB82CBE9F8000140C76 /* Release */ = {
			isa = XCBuildConfiguration;
			baseConfigurationReference = 89137327B5A342138F852A85 /* Pods-ExpenseTrackerTests.release.xcconfig */;
			buildSettings = {
				ALWAYS_EMBED_SWIFT_STANDARD_LIBRARIES = YES;
				BUNDLE_LOADER = "$(TEST_HOST)";
				CODE_SIGN_STYLE = Automatic;
				CURRENT_PROJECT_VERSION = 1;
				DEVELOPMENT_TEAM = SFJ8H3MDYC;
				GENERATE_INFOPLIST_FILE = YES;
				IPHONEOS_DEPLOYMENT_TARGET = 16.2;
				MARKETING_VERSION = 1.0;
				PRODUCT_BUNDLE_IDENTIFIER = com.chidiogo.ExpenseTrackerTests;
				PRODUCT_NAME = "$(TARGET_NAME)";
				SWIFT_EMIT_LOC_STRINGS = NO;
				SWIFT_VERSION = 5.0;
				TARGETED_DEVICE_FAMILY = "1,2";
				TEST_HOST = "$(BUILT_PRODUCTS_DIR)/ExpenseTracker.app/$(BUNDLE_EXECUTABLE_FOLDER_PATH)/ExpenseTracker";
			};
			name = Release;
		};
		049CDDBA2CBE9F8000140C76 /* Debug */ = {
			isa = XCBuildConfiguration;
			baseConfigurationReference = CFBC5ADF7BA4EB7C899D55BB /* Pods-ExpenseTracker-ExpenseTrackerUITests.debug.xcconfig */;
			buildSettings = {
				ALWAYS_EMBED_SWIFT_STANDARD_LIBRARIES = YES;
				CODE_SIGN_STYLE = Automatic;
				CURRENT_PROJECT_VERSION = 1;
				DEVELOPMENT_TEAM = SFJ8H3MDYC;
				GENERATE_INFOPLIST_FILE = YES;
				MARKETING_VERSION = 1.0;
				PRODUCT_BUNDLE_IDENTIFIER = com.chidiogo.ExpenseTrackerUITests;
				PRODUCT_NAME = "$(TARGET_NAME)";
				SWIFT_EMIT_LOC_STRINGS = NO;
				SWIFT_VERSION = 5.0;
				TARGETED_DEVICE_FAMILY = "1,2";
				TEST_TARGET_NAME = ExpenseTracker;
			};
			name = Debug;
		};
		049CDDBB2CBE9F8000140C76 /* Release */ = {
			isa = XCBuildConfiguration;
			baseConfigurationReference = DAE6E37CA766A8F681845A65 /* Pods-ExpenseTracker-ExpenseTrackerUITests.release.xcconfig */;
			buildSettings = {
				ALWAYS_EMBED_SWIFT_STANDARD_LIBRARIES = YES;
				CODE_SIGN_STYLE = Automatic;
				CURRENT_PROJECT_VERSION = 1;
				DEVELOPMENT_TEAM = SFJ8H3MDYC;
				GENERATE_INFOPLIST_FILE = YES;
				MARKETING_VERSION = 1.0;
				PRODUCT_BUNDLE_IDENTIFIER = com.chidiogo.ExpenseTrackerUITests;
				PRODUCT_NAME = "$(TARGET_NAME)";
				SWIFT_EMIT_LOC_STRINGS = NO;
				SWIFT_VERSION = 5.0;
				TARGETED_DEVICE_FAMILY = "1,2";
				TEST_TARGET_NAME = ExpenseTracker;
			};
			name = Release;
		};
/* End XCBuildConfiguration section */

/* Begin XCConfigurationList section */
		049CDD842CBE9F7E00140C76 /* Build configuration list for PBXProject "ExpenseTracker" */ = {
			isa = XCConfigurationList;
			buildConfigurations = (
				049CDDB12CBE9F8000140C76 /* Debug */,
				049CDDB22CBE9F8000140C76 /* Release */,
			);
			defaultConfigurationIsVisible = 0;
			defaultConfigurationName = Release;
		};
		049CDDB32CBE9F8000140C76 /* Build configuration list for PBXNativeTarget "ExpenseTracker" */ = {
			isa = XCConfigurationList;
			buildConfigurations = (
				049CDDB42CBE9F8000140C76 /* Debug */,
				049CDDB52CBE9F8000140C76 /* Release */,
			);
			defaultConfigurationIsVisible = 0;
			defaultConfigurationName = Release;
		};
		049CDDB62CBE9F8000140C76 /* Build configuration list for PBXNativeTarget "ExpenseTrackerTests" */ = {
			isa = XCConfigurationList;
			buildConfigurations = (
				049CDDB72CBE9F8000140C76 /* Debug */,
				049CDDB82CBE9F8000140C76 /* Release */,
			);
			defaultConfigurationIsVisible = 0;
			defaultConfigurationName = Release;
		};
		049CDDB92CBE9F8000140C76 /* Build configuration list for PBXNativeTarget "ExpenseTrackerUITests" */ = {
			isa = XCConfigurationList;
			buildConfigurations = (
				049CDDBA2CBE9F8000140C76 /* Debug */,
				049CDDBB2CBE9F8000140C76 /* Release */,
			);
			defaultConfigurationIsVisible = 0;
			defaultConfigurationName = Release;
		};
/* End XCConfigurationList section */
	};
	rootObject = 049CDD812CBE9F7E00140C76 /* Project object */;
}
